# THIS IS AN AUTOGENERATED FILE. DO NOT EDIT THIS FILE DIRECTLY.
# yarn lockfile v1


"@types/node@*":
  "integrity" "sha1-82R2IxmcqSCWAAaz3M9jPqkF8kM="
  "resolved" "https://registry.npmmirror.com/@types/node/download/@types/node-16.10.1.tgz?cache=0&other_urls=https%3A%2F%2Fregistry.npmmirror.com%2F%40types%2Fnode%2Fdownload%2F%40types%2Fnode-16.10.1.tgz"
  "version" "16.10.1"

"@types/yauzl@^2.9.1":
  "integrity" "sha1-xI5dVq/xREQJ45+hZLC01FUqe3o= sha512-8uALY5LTvSuHgloDVUvWP3pIauILm+8/0pDMokuDYIoNsOkSwd5AiHBTSEJjKTDcZr5z8UpgOWZkxBF4iJftoA=="
  "resolved" "https://registry.nlark.com/@types/yauzl/download/@types/yauzl-2.9.2.tgz?cache=0&sync_timestamp=1629709990261&other_urls=https%3A%2F%2Fregistry.nlark.com%2F%40types%2Fyauzl%2Fdownload%2F%40types%2Fyauzl-2.9.2.tgz"
  "version" "2.9.2"
  dependencies:
    "@types/node" "*"

"agent-base@6":
  "integrity" "sha1-Sf/1hXfP7j83F2/qtMIuAPhtf3c= sha512-RZNwNclF7+MS/8bDg70amg32dyeZGZxiDuQmZxKLAlQjr3jGyLx+4Kkk58UO7D2QdgFIQCovuSuZESne6RG6XQ=="
  "resolved" "https://registry.nlark.com/agent-base/download/agent-base-6.0.2.tgz"
  "version" "6.0.2"
  dependencies:
    "debug" "4"

"balanced-match@^1.0.0":
  "integrity" "sha1-6D46fj8wCzTLnYf2FfoMvzV2kO4= sha512-3oSeUO0TMV67hN1AmbXsK4yaqU7tjiHlbxRDZOpH0KW9+CeX4bRAaX0Anxt0tx2MrpRpWwQaPwIlISEJhYU5Pw=="
  "resolved" "https://registry.npm.taobao.org/balanced-match/download/balanced-match-1.0.2.tgz?cache=0&other_urls=https%3A%2F%2Fregistry.npm.taobao.org%2Fbalanced-match%2Fdownload%2Fbalanced-match-1.0.2.tgz"
  "version" "1.0.2"

"base64-js@^1.3.1":
  "integrity" "sha1-GxtEAWClv3rUC2UPCVljSBkDkwo="
  "resolved" "https://registry.npm.taobao.org/base64-js/download/base64-js-1.5.1.tgz"
  "version" "1.5.1"

"bl@^4.0.3":
  "integrity" "sha1-RRU1JkGCvsL7vIOmKrmM8R2fezo= sha512-1W07cM9gS6DcLperZfFSj+bWLtaPGSOHWhPiGzXmvVJbRLdG82sH/Kn8EtW1VqWVA54AKf2h5k5BbnIbwF3h6w=="
  "resolved" "https://registry.npm.taobao.org/bl/download/bl-4.1.0.tgz"
  "version" "4.1.0"
  dependencies:
    "buffer" "^5.5.0"
    "inherits" "^2.0.4"
    "readable-stream" "^3.4.0"

"brace-expansion@^1.1.7":
  "integrity" "sha1-PH/L9SnYcibz0vUrlm/1Jx60Qd0= sha512-iCuPHDFgrHX7H2vEI/5xpz07zSHB00TpugqhmYtVmMO6518mCuRMoOYFldEBl0g187ufozdaHgWKcYFb61qGiA=="
  "resolved" "https://registry.npm.taobao.org/brace-expansion/download/brace-expansion-1.1.11.tgz?cache=0&sync_timestamp=1614010713935&other_urls=https%3A%2F%2Fregistry.npm.taobao.org%2Fbrace-expansion%2Fdownload%2Fbrace-expansion-1.1.11.tgz"
  "version" "1.1.11"
  dependencies:
    "balanced-match" "^1.0.0"
    "concat-map" "0.0.1"

"buffer-crc32@~0.2.3":
  "integrity" "sha1-DTM+PwDqxQqhRUq9MO+MKl2ackI= sha512-VO9Ht/+p3SN7SKWqcrgEzjGbRSJYTx+Q1pTQC0wrWqHx0vpJraQ6GtHx8tvcg1rlK1byhU5gccxgOgj7B0TDkQ=="
  "resolved" "https://registry.npm.taobao.org/buffer-crc32/download/buffer-crc32-0.2.13.tgz"
  "version" "0.2.13"

"buffer@^5.2.1", "buffer@^5.5.0":
  "integrity" "sha1-umLnwTEzBTWCGXFghRqPZI6Z7tA="
  "resolved" "https://registry.nlark.com/buffer/download/buffer-5.7.1.tgz"
  "version" "5.7.1"
  dependencies:
    "base64-js" "^1.3.1"
    "ieee754" "^1.1.13"

"bufferutil@^4.0.1", "bufferutil@^4.0.3":
  "integrity" "sha1-ZnJLdWvtI818KMTTBteZT5lDzGs= sha512-yEYTwGndELGvfXsImMBLop58eaGW+YdONi1fNjTINSY98tmMmFijBG6WXgdkfuLNt4imzQNtIE+eBp1PVpMCSw=="
  "resolved" "https://registry.npm.taobao.org/bufferutil/download/bufferutil-4.0.3.tgz"
  "version" "4.0.3"
  dependencies:
    "node-gyp-build" "^4.2.0"

"chownr@^1.1.1":
  "integrity" "sha1-b8nXtC0ypYNZYzdmbn0ICE2izGs= sha512-jJ0bqzaylmJtVnNgzTeSOs8DPavpbYgEr/b0YL8/2GO3xJEhInFmhKMUnEJQjZumK7KXGFhUy89PrsJWlakBVg=="
  "resolved" "https://registry.npm.taobao.org/chownr/download/chownr-1.1.4.tgz"
  "version" "1.1.4"

"concat-map@0.0.1":
  "integrity" "sha1-2Klr13/Wjfd5OnMDajug1UBdR3s= sha512-/Srv4dswyQNBfohGpz9o6Yb3Gz3SrUDqBH5rTuhGR7ahtlbYKnVxw2bCFMRljaA7EXHaXZ8wsHdodFvbkhKmqg=="
  "resolved" "https://registry.npm.taobao.org/concat-map/download/concat-map-0.0.1.tgz"
  "version" "0.0.1"

"debug@^4.1.1", "debug@4", "debug@4.3.1":
  "integrity" "sha1-8NIpxQXgxtjEmsVT0bE9wYP2su4="
  "resolved" "https://registry.nlark.com/debug/download/debug-4.3.1.tgz?cache=0&sync_timestamp=1625374653719&other_urls=https%3A%2F%2Fregistry.nlark.com%2Fdebug%2Fdownload%2Fdebug-4.3.1.tgz"
  "version" "4.3.1"
  dependencies:
    "ms" "2.1.2"

"devtools-protocol@0.0.901419":
  "integrity" "sha1-ebVFnEj+fhxVY8Ar1y+P7D4M680= sha512-4INMPwNm9XRpBukhNbF7OB6fNTTCaI8pzy/fXg0xQzAy5h3zL1P8xT3QazgKqBrb/hAYwIBizqDBZ7GtJE74QQ=="
  "resolved" "https://registry.npmmirror.com/devtools-protocol/download/devtools-protocol-0.0.901419.tgz"
  "version" "0.0.901419"

"end-of-stream@^1.1.0", "end-of-stream@^1.4.1":
  "integrity" "sha1-WuZKX0UFe682JuwU2gyl5LJDHrA= sha512-+uw1inIHVPQoaVuHzRyXd21icM+cnt4CzD5rW+NC1wjOUSTOs+Te7FOv7AhN7vS9x/oIyhLP5PR1H+phQAHu5Q=="
  "resolved" "https://registry.npm.taobao.org/end-of-stream/download/end-of-stream-1.4.4.tgz"
  "version" "1.4.4"
  dependencies:
    "once" "^1.4.0"

"extract-zip@2.0.1":
  "integrity" "sha1-Zj3KVv5G34kNXxMe9KBtIruLoTo= sha512-GDhU9ntwuKyGXdZBUgTIe+vXnWj0fppUEtMDL0+idd5Sta8TGpHssn/eusA9mrPr9qNDym6SxAYZjNvCn/9RBg=="
  "resolved" "https://registry.npm.taobao.org/extract-zip/download/extract-zip-2.0.1.tgz"
  "version" "2.0.1"
  dependencies:
    "debug" "^4.1.1"
    "get-stream" "^5.1.0"
    "yauzl" "^2.10.0"
  optionalDependencies:
    "@types/yauzl" "^2.9.1"

"fd-slicer@~1.1.0":
  "integrity" "sha1-JcfInLH5B3+IkbvmHY85Dq4lbx4= sha512-cE1qsB/VwyQozZ+q1dGxR8LBYNZeofhEdUNGSMbQD3Gw2lAzX9Zb3uIU6Ebc/Fmyjo9AWWfnn0AUCHqtevs/8g=="
  "resolved" "https://registry.npm.taobao.org/fd-slicer/download/fd-slicer-1.1.0.tgz"
  "version" "1.1.0"
  dependencies:
    "pend" "~1.2.0"

"find-up@^4.0.0":
  "integrity" "sha1-l6/n1s3AvFkoWEt8jXsW6KmqXRk= sha512-PpOwAdQ/YlXQ2vj8a3h8IipDuYRi3wceVQQGYWxNINccq40Anw7BlsEXCMbt1Zt+OLA6Fq9suIpIWD0OsnISlw=="
  "resolved" "https://registry.nlark.com/find-up/download/find-up-4.1.0.tgz?cache=0&sync_timestamp=1629977322767&other_urls=https%3A%2F%2Fregistry.nlark.com%2Ffind-up%2Fdownload%2Ffind-up-4.1.0.tgz"
  "version" "4.1.0"
  dependencies:
    "locate-path" "^5.0.0"
    "path-exists" "^4.0.0"

"fs-constants@^1.0.0":
  "integrity" "sha1-a+Dem+mYzhavivwkSXue6bfM2a0= sha512-y6OAwoSIf7FyjMIv94u+b5rdheZEjzR63GTyZJm5qh4Bi+2YgwLCcI/fPFZkL5PSixOt6ZNKm+w+Hfp/Bciwow=="
  "resolved" "https://registry.nlark.com/fs-constants/download/fs-constants-1.0.0.tgz"
  "version" "1.0.0"

"fs.realpath@^1.0.0":
  "integrity" "sha1-FQStJSMVjKpA20onh8sBQRmU6k8= sha512-OO0pH2lK6a0hZnAdau5ItzHPI6pUlvI7jMVnxUQRtw4owF2wk8lOSabtGDCTP4Ggrg2MbGnWO9X8K1t4+fGMDw=="
  "resolved" "https://registry.npm.taobao.org/fs.realpath/download/fs.realpath-1.0.0.tgz"
  "version" "1.0.0"

"get-stream@^5.1.0":
  "integrity" "sha1-SWaheV7lrOZecGxLe+txJX1uItM= sha512-nBF+F1rAZVCu/p7rjzgA+Yb4lfYXrpl7a6VmJrU8wF9I1CKvP/QwPNZHnOlwbTkY6dvtFIzFMSyQXbLoTQPRpA=="
  "resolved" "https://registry.npm.taobao.org/get-stream/download/get-stream-5.2.0.tgz?cache=0&sync_timestamp=1618462652134&other_urls=https%3A%2F%2Fregistry.npm.taobao.org%2Fget-stream%2Fdownload%2Fget-stream-5.2.0.tgz"
  "version" "5.2.0"
  dependencies:
    "pump" "^3.0.0"

"glob@^7.1.3":
  "integrity" "sha1-0VU1r3cy4C6Uj0xBYovZECk/YCM= sha512-lmLf6gtyrPq8tTjSmrO94wBeQbFR3HbLHbuyD69wuyQkImp2hWqMGB47OX65FBkPffO641IP9jWa1z4ivqG26Q=="
  "resolved" "https://registry.npmmirror.com/glob/download/glob-7.2.0.tgz"
  "version" "7.2.0"
  dependencies:
    "fs.realpath" "^1.0.0"
    "inflight" "^1.0.4"
    "inherits" "2"
    "minimatch" "^3.0.4"
    "once" "^1.3.0"
    "path-is-absolute" "^1.0.0"

"https-proxy-agent@5.0.0":
  "integrity" "sha1-4qkFQqu2inYuCghQ9sntrf2FBrI= sha512-EkYm5BcKUGiduxzSt3Eppko+PiNWNEpa4ySk9vTC6wDsQJW9rHSa+UhGNJoRYp7bz6Ht1eaRIa6QaJqO5rCFbA=="
  "resolved" "https://registry.npm.taobao.org/https-proxy-agent/download/https-proxy-agent-5.0.0.tgz"
  "version" "5.0.0"
  dependencies:
    "agent-base" "6"
    "debug" "4"

"ieee754@^1.1.13":
  "integrity" "sha1-jrehCmP/8l0VpXsAFYbRd9Gw01I="
  "resolved" "https://registry.nlark.com/ieee754/download/ieee754-1.2.1.tgz"
  "version" "1.2.1"

"inflight@^1.0.4":
  "integrity" "sha1-Sb1jMdfQLQwJvJEKEHW6gWW1bfk= sha512-k92I/b08q4wvFscXCLvqfsHCrjrF7yiXsQuIVvVE7N82W3+aqpzuUdBbfhWcy/FZR3/4IgflMgKLOsvPDrGCJA=="
  "resolved" "https://registry.npm.taobao.org/inflight/download/inflight-1.0.6.tgz"
  "version" "1.0.6"
  dependencies:
    "once" "^1.3.0"
    "wrappy" "1"

"inherits@^2.0.3", "inherits@^2.0.4", "inherits@2":
  "integrity" "sha1-D6LGT5MpF8NDOg3tVTY6rjdBa3w="
  "resolved" "https://registry.npm.taobao.org/inherits/download/inherits-2.0.4.tgz"
  "version" "2.0.4"

"locate-path@^5.0.0":
  "integrity" "sha1-Gvujlq/WdqbUJQTQpno6frn2KqA= sha512-t7hw9pI+WvuwNJXwk5zVHpyhIqzg2qTlklJOf0mVxGSbe3Fp2VieZcduNYjaLDoy6p9uGpQEGWG87WpMKlNq8g=="
  "resolved" "https://registry.nlark.com/locate-path/download/locate-path-5.0.0.tgz"
  "version" "5.0.0"
  dependencies:
    "p-locate" "^4.1.0"

"minimatch@^3.0.4":
  "integrity" "sha1-UWbihkV/AzBgZL5Ul+jbsMPTIIM= sha512-yJHVQEhyqPLUTgt9B83PXu6W3rx4MvvHvSUvToogpwoGDOUQ+yDrR0HRot+yOCdCO7u4hX3pWft6kWBBcqh0UA=="
  "resolved" "https://registry.nlark.com/minimatch/download/minimatch-3.0.4.tgz"
  "version" "3.0.4"
  dependencies:
    "brace-expansion" "^1.1.7"

"minimist@^1.2.5":
  "integrity" "sha1-Z9ZgFLZqaoqqDAg8X9WN9OTpdgI="
  "resolved" "https://registry.npm.taobao.org/minimist/download/minimist-1.2.5.tgz"
  "version" "1.2.5"

"mkdirp@^0.5.1":
  "integrity" "sha1-2Rzv1i0UNsoPQWIOJRKI1CAJne8="
  "resolved" "https://registry.npm.taobao.org/mkdirp/download/mkdirp-0.5.5.tgz?cache=0&sync_timestamp=1604053732604&other_urls=https%3A%2F%2Fregistry.npm.taobao.org%2Fmkdirp%2Fdownload%2Fmkdirp-0.5.5.tgz"
  "version" "0.5.5"
  dependencies:
    "minimist" "^1.2.5"

"ms@2.1.2":
  "integrity" "sha1-0J0fNXtEP0kzgqjrPM0YOHKuYAk="
  "resolved" "https://registry.nlark.com/ms/download/ms-2.1.2.tgz"
  "version" "2.1.2"

"node-fetch@2.6.1":
  "integrity" "sha1-BFvTI2Mfdu0uK1VXM5RBa2OaAFI= sha512-V4aYg89jEoVRxRb2fJdAg8FHvI7cEyYdVAh94HH0UIK8oJxUfkjlDQN9RbMx+bEjP7+ggMiFRprSti032Oipxw=="
  "resolved" "https://registry.npmmirror.com/node-fetch/download/node-fetch-2.6.1.tgz"
  "version" "2.6.1"

"node-gyp-build@^4.2.0":
  "integrity" "sha1-nyVrA+WCYVC+Ocdkv1Hpk5RtcaM= sha512-iWjXZvmboq0ja1pUGULQBexmxq8CV4xBhX7VDOTbL7ZR4FOowwY/VOtRxBN/yKxmdGoIp4j5ysNT4u3S2pDQ3Q=="
  "resolved" "https://registry.nlark.com/node-gyp-build/download/node-gyp-build-4.3.0.tgz?cache=0&sync_timestamp=1631436711963&other_urls=https%3A%2F%2Fregistry.nlark.com%2Fnode-gyp-build%2Fdownload%2Fnode-gyp-build-4.3.0.tgz"
  "version" "4.3.0"

"once@^1.3.0", "once@^1.3.1", "once@^1.4.0":
  "integrity" "sha1-WDsap3WWHUsROsF9nFC6753Xa9E= sha512-lNaJgI+2Q5URQBkccEKHTQOPaXdUxnZZElQTZY0MFUAuaEqe1E+Nyvgdz/aIyNi6Z9MzO5dv1H8n58/GELp3+w=="
  "resolved" "https://registry.npm.taobao.org/once/download/once-1.4.0.tgz"
  "version" "1.4.0"
  dependencies:
    "wrappy" "1"

"p-limit@^2.2.0":
  "integrity" "sha1-PdM8ZHohT9//2DWTPrCG2g3CHbE= sha512-//88mFWSJx8lxCzwdAABTJL2MyWB12+eIY7MDL2SqLmAkeKU9qxRvWuSyTjm3FUmpBEMuFfckAIqEaVGUDxb6w=="
  "resolved" "https://registry.nlark.com/p-limit/download/p-limit-2.3.0.tgz?cache=0&sync_timestamp=1628813055527&other_urls=https%3A%2F%2Fregistry.nlark.com%2Fp-limit%2Fdownload%2Fp-limit-2.3.0.tgz"
  "version" "2.3.0"
  dependencies:
    "p-try" "^2.0.0"

"p-locate@^4.1.0":
  "integrity" "sha1-o0KLtwiLOmApL2aRkni3wpetTwc= sha512-R79ZZ/0wAxKGu3oYMlz8jy/kbhsNrS7SKZ7PxEHBgJ5+F2mtFW2fK2cOtBh1cHYkQsbzFV7I+EoRKe6Yt0oK7A=="
  "resolved" "https://registry.nlark.com/p-locate/download/p-locate-4.1.0.tgz?cache=0&sync_timestamp=1629892708584&other_urls=https%3A%2F%2Fregistry.nlark.com%2Fp-locate%2Fdownload%2Fp-locate-4.1.0.tgz"
  "version" "4.1.0"
  dependencies:
    "p-limit" "^2.2.0"

"p-try@^2.0.0":
  "integrity" "sha1-yyhoVA4xPWHeWPr741zpAE1VQOY= sha512-R4nPAVTAU0B9D35/Gk3uJf/7XYbQcyohSKdvAxIRSNghFl4e71hVoGnBNQz9cWaXxO2I10KTC+3jMdvvoKw6dQ=="
  "resolved" "https://registry.npm.taobao.org/p-try/download/p-try-2.2.0.tgz"
  "version" "2.2.0"

"path-exists@^4.0.0":
  "integrity" "sha1-UTvb4tO5XXdi6METfvoZXGxhtbM= sha512-ak9Qy5Q7jYb2Wwcey5Fpvg2KoAc/ZIhLSLOSBmRmygPsGwkVVt0fZa0qrtMz+m6tJTAHfZQ8FnmB4MG4LWy7/w=="
  "resolved" "https://registry.nlark.com/path-exists/download/path-exists-4.0.0.tgz?cache=0&sync_timestamp=1628765027018&other_urls=https%3A%2F%2Fregistry.nlark.com%2Fpath-exists%2Fdownload%2Fpath-exists-4.0.0.tgz"
  "version" "4.0.0"

"path-is-absolute@^1.0.0":
  "integrity" "sha1-F0uSaHNVNP+8es5r9TpanhtcX18="
  "resolved" "https://registry.nlark.com/path-is-absolute/download/path-is-absolute-1.0.1.tgz"
  "version" "1.0.1"

"pend@~1.2.0":
  "integrity" "sha1-elfrVQpng/kRUzH89GY9XI4AelA= sha512-F3asv42UuXchdzt+xXqfW1OGlVBe+mxa2mqI0pg5yAHZPvFmY3Y6drSf/GQ1A86WgWEN9Kzh/WrgKa6iGcHXLg=="
  "resolved" "https://registry.nlark.com/pend/download/pend-1.2.0.tgz"
  "version" "1.2.0"

"pkg-dir@4.2.0":
  "integrity" "sha1-8JkTPfft5CLoHR2ESCcO6z5CYfM= sha512-HRDzbaKjC+AOWVXxAU/x54COGeIv9eb+6CkDSQoNTt4XyWoIJvuPsXizxu/Fr23EiekbtZwmh1IcIG/l/a10GQ=="
  "resolved" "https://registry.nlark.com/pkg-dir/download/pkg-dir-4.2.0.tgz"
  "version" "4.2.0"
  dependencies:
    "find-up" "^4.0.0"

"progress@2.0.1":
  "integrity" "sha1-ySQhaTQrHCnSdYiclXNGIbGVLjE= sha512-OE+a6vzqazc+K6LxJrX5UPyKFvGnL5CYmq2jFGNIBWHpc4QyE49/YOumcrpQFJpfejmvRtbJzgO1zPmMCqlbBg=="
  "resolved" "https://registry.npm.taobao.org/progress/download/progress-2.0.1.tgz"
  "version" "2.0.1"

"proxy-from-env@1.1.0":
  "integrity" "sha1-4QLxbKNVQkhldV0sno6k8k1Yw+I= sha512-D+zkORCbA9f1tdWRK0RaCR3GPv50cMxcrz4X8k5LTSUD1Dkw47mKJEZQNunItRTkWwgtaUSo1RVFRIG9ZXiFYg=="
  "resolved" "https://registry.npm.taobao.org/proxy-from-env/download/proxy-from-env-1.1.0.tgz"
  "version" "1.1.0"

"pump@^3.0.0":
  "integrity" "sha1-tKIRaBW94vTh6mAjVOjHVWUQemQ= sha512-LwZy+p3SFs1Pytd/jYct4wpv49HiYCqd9Rlc5ZVdk0V+8Yzv6jR5Blk3TRmPL1ft69TxP0IMZGJ+WPFU2BFhww=="
  "resolved" "https://registry.nlark.com/pump/download/pump-3.0.0.tgz?cache=0&sync_timestamp=1624607960506&other_urls=https%3A%2F%2Fregistry.nlark.com%2Fpump%2Fdownload%2Fpump-3.0.0.tgz"
  "version" "3.0.0"
  dependencies:
    "end-of-stream" "^1.1.0"
    "once" "^1.3.1"

"puppeteer@^10.1.0":
  "integrity" "sha1-pkZf+X/aBXbErClgFAb2fm/qPcc= sha512-2cP8mBoqnu5gzAVpbZ0fRaobBWZM8GEUF4I1F6WbgHrKV/rz7SX8PG2wMymZgD0wo0UBlg2FBPNxlF/xlqW6+w=="
  "resolved" "https://registry.nlark.com/puppeteer/download/puppeteer-10.4.0.tgz"
  "version" "10.4.0"
  dependencies:
    "debug" "4.3.1"
    "devtools-protocol" "0.0.901419"
    "extract-zip" "2.0.1"
    "https-proxy-agent" "5.0.0"
    "node-fetch" "2.6.1"
    "pkg-dir" "4.2.0"
    "progress" "2.0.1"
    "proxy-from-env" "1.1.0"
    "rimraf" "3.0.2"
    "tar-fs" "2.0.0"
    "unbzip2-stream" "1.3.3"
    "ws" "7.4.6"

"readable-stream@^3.1.1", "readable-stream@^3.4.0":
  "integrity" "sha1-M3u9o63AcGvT4CRCaihtS0sskZg= sha512-BViHy7LKeTz4oNnkcLJ+lVSL6vpiFeX6/d3oSH8zCW7UxP2onchk+vTGB143xuFjHS3deTgkKoXXymXqymiIdA=="
  "resolved" "https://registry.nlark.com/readable-stream/download/readable-stream-3.6.0.tgz"
  "version" "3.6.0"
  dependencies:
    "inherits" "^2.0.3"
    "string_decoder" "^1.1.1"
    "util-deprecate" "^1.0.1"

"rimraf@3.0.2":
  "integrity" "sha1-8aVAK6YiCtUswSgrrBrjqkn9Bho= sha512-JZkJMZkAGFFPP2YqXZXPbMlMBgsxzE8ILs4lMIX/2o0L9UBw9O/Y3o6wFw/i9YLapcUJWwqbi3kdxIPdC62TIA=="
  "resolved" "https://registry.npm.taobao.org/rimraf/download/rimraf-3.0.2.tgz"
  "version" "3.0.2"
  dependencies:
    "glob" "^7.1.3"

"safe-buffer@~5.2.0":
  "integrity" "sha1-Hq+fqb2x/dTsdfWPnNtOa3gn7sY= sha512-rp3So07KcdmmKbGvgaNxQSJr7bGVSVk5S9Eq1F+ppbRo70+YeaDxkw5Dd8NPN+GD6bjnYm2VuPuCXmpuYvmCXQ=="
  "resolved" "https://registry.nlark.com/safe-buffer/download/safe-buffer-5.2.1.tgz"
  "version" "5.2.1"

"string_decoder@^1.1.1":
  "integrity" "sha1-QvEUWUpGzxqOMLCoT1bHjD7awh4= sha512-hkRX8U1WjJFd8LsDJ2yQ/wWWxaopEsABU1XfkM8A+j0+85JAGppt16cr1Whg6KIbb4okU6Mql6BOj+uup/wKeA=="
  "resolved" "https://registry.nlark.com/string_decoder/download/string_decoder-1.3.0.tgz"
  "version" "1.3.0"
  dependencies:
    "safe-buffer" "~5.2.0"

"tar-fs@2.0.0":
  "integrity" "sha1-Z3cA/AyLM3p4vuNiP9wjXyHXr60= sha512-vaY0obB6Om/fso8a8vakQBzwholQ7v5+uy+tF3Ozvxv1KNezmVQAiWtcNmMHFSFPqL3dJA8ha6gdtFbfX9mcxA=="
  "resolved" "https://registry.npm.taobao.org/tar-fs/download/tar-fs-2.0.0.tgz"
  "version" "2.0.0"
  dependencies:
    "chownr" "^1.1.1"
    "mkdirp" "^0.5.1"
    "pump" "^3.0.0"
    "tar-stream" "^2.0.0"

"tar-stream@^2.0.0":
  "integrity" "sha1-rK2EwoQTawYNw/qmRHSqmuvXcoc= sha512-ujeqbceABgwMZxEJnk2HDY2DlnUZ+9oEcb1KzTVfYHio0UE6dG71n60d8D2I4qNvleWrrXpmjpt7vZeF1LnMZQ=="
  "resolved" "https://registry.npm.taobao.org/tar-stream/download/tar-stream-2.2.0.tgz"
  "version" "2.2.0"
  dependencies:
    "bl" "^4.0.3"
    "end-of-stream" "^1.4.1"
    "fs-constants" "^1.0.0"
    "inherits" "^2.0.3"
    "readable-stream" "^3.1.1"

"through@^2.3.8":
  "integrity" "sha1-DdTJ/6q8NXlgsbckEV1+Doai4fU= sha512-w89qg7PI8wAdvX60bMDP+bFoD5Dvhm9oLheFp5O4a2QF0cSBGsBX4qZmadPMvVqlLJBBci+WqGGOAPvcDeNSVg=="
  "resolved" "https://registry.npm.taobao.org/through/download/through-2.3.8.tgz"
  "version" "2.3.8"

"unbzip2-stream@1.3.3":
  "integrity" "sha1-0VbSBeZw2NjDk+HALr1QZCKHP2o= sha512-fUlAF7U9Ah1Q6EieQ4x4zLNejrRvDWUYmxXUpN3uziFYCHapjWFaCAnreY9bGgxzaMCFAPPpYNng57CypwJVhg=="
  "resolved" "https://registry.npm.taobao.org/unbzip2-stream/download/unbzip2-stream-1.3.3.tgz"
  "version" "1.3.3"
  dependencies:
    "buffer" "^5.2.1"
    "through" "^2.3.8"

"utf-8-validate@^5.0.2", "utf-8-validate@^5.0.5":
  "integrity" "sha1-3TLC6CxyAC3J8C62e6Z2H0NFbKE= sha512-+pnxRYsS/axEpkrrEpzYfNZGXp0IjC/9RIxwM5gntY4Koi8SHmUGSfxfWqxZdRxrtaoVstuOzUp/rbs3JSPELQ=="
  "resolved" "https://registry.nlark.com/utf-8-validate/download/utf-8-validate-5.0.5.tgz"
  "version" "5.0.5"
  dependencies:
    "node-gyp-build" "^4.2.0"

"util-deprecate@^1.0.1":
  "integrity" "sha1-RQ1Nyfpw3nMnYvvS1KKJgUGaDM8="
  "resolved" "https://registry.nlark.com/util-deprecate/download/util-deprecate-1.0.2.tgz"
  "version" "1.0.2"

"wrappy@1":
  "integrity" "sha1-tSQ9jz7BqjXxNkYFvA0QNuMKtp8= sha512-l4Sp/DRseor9wL6EvV2+TuQn63dMkPjZ/sp9XkghTEbV9KlPS1xUsZ3u7/IQO4wxtcFB4bgpQPRcR3QCvezPcQ=="
  "resolved" "https://registry.nlark.com/wrappy/download/wrappy-1.0.2.tgz"
  "version" "1.0.2"

"ws@7.4.6":
  "integrity" "sha1-VlTKjs3u5HwzqaS/bSjivimAN3w= sha512-YmhHDO4MzaDLB+M9ym/mDA5z0naX8j7SIlT8f8z+I0VtzsRbekxEutHSme7NPS2qE8StCYQNUnfWdXta/Yu85A=="
  "resolved" "https://registry.nlark.com/ws/download/ws-7.4.6.tgz"
  "version" "7.4.6"

"yauzl@^2.10.0":
  "integrity" "sha1-x+sXyT4RLLEIb6bY5R+wZnt5pfk= sha512-p4a9I6X6nu6IhoGmBqAcbJy1mlC4j27vEPZX9F4L4/vZT3Lyq1VkFHw/V/PUcB9Buo+DG3iHkT0x3Qya58zc3g=="
  "resolved" "https://registry.npm.taobao.org/yauzl/download/yauzl-2.10.0.tgz"
  "version" "2.10.0"
  dependencies:
    "buffer-crc32" "~0.2.3"
    "fd-slicer" "~1.1.0"
